// !$*UTF8*$!
{
	archiveVersion = 1;
	classes = {
	};
	objectVersion = 56;
	objects = {

/* Begin PBXBuildFile section */
		21117AFA8509F537E2C32487 /* Pods_PetDating.framework in Frameworks */ = {isa = PBXBuildFile; fileRef = 4F80619600AD870007EB3A8E /* Pods_PetDating.framework */; };
		265910E42A8A6A2E00FB2B96 /* AppDelegate.swift in Sources */ = {isa = PBXBuildFile; fileRef = 265910E32A8A6A2E00FB2B96 /* AppDelegate.swift */; };
		265910E62A8A6A2E00FB2B96 /* SceneDelegate.swift in Sources */ = {isa = PBXBuildFile; fileRef = 265910E52A8A6A2E00FB2B96 /* SceneDelegate.swift */; };
		265910F02A8A6A3000FB2B96 /* LaunchScreen.storyboard in Resources */ = {isa = PBXBuildFile; fileRef = 265910EE2A8A6A3000FB2B96 /* LaunchScreen.storyboard */; };
		265910F82A8A6A9A00FB2B96 /* GoogleService-Info.plist in Resources */ = {isa = PBXBuildFile; fileRef = 265910F72A8A6A9A00FB2B96 /* GoogleService-Info.plist */; };
		265910FA2A8A6BB600FB2B96 /* Main.storyboard in Resources */ = {isa = PBXBuildFile; fileRef = 265910F92A8A6BB500FB2B96 /* Main.storyboard */; };
		265911032A8A6C0E00FB2B96 /* TutorialViewController.swift in Sources */ = {isa = PBXBuildFile; fileRef = 265910FF2A8A6C0E00FB2B96 /* TutorialViewController.swift */; };
		265911042A8A6C0E00FB2B96 /* ItemCollectionViewCell.swift in Sources */ = {isa = PBXBuildFile; fileRef = 265911012A8A6C0E00FB2B96 /* ItemCollectionViewCell.swift */; };
		265911052A8A6C0E00FB2B96 /* ItemCollectionViewCell.xib in Resources */ = {isa = PBXBuildFile; fileRef = 265911022A8A6C0E00FB2B96 /* ItemCollectionViewCell.xib */; };
		265911082A8A6C1B00FB2B96 /* LoginViewController.swift in Sources */ = {isa = PBXBuildFile; fileRef = 265911072A8A6C1B00FB2B96 /* LoginViewController.swift */; };
		2659110B2A8A6C2200FB2B96 /* RegisterViewController.swift in Sources */ = {isa = PBXBuildFile; fileRef = 2659110A2A8A6C2200FB2B96 /* RegisterViewController.swift */; };
		265911172A8A6C3400FB2B96 /* EditProfilePetViewController.swift in Sources */ = {isa = PBXBuildFile; fileRef = 2659110E2A8A6C3400FB2B96 /* EditProfilePetViewController.swift */; };
		265911182A8A6C3400FB2B96 /* EditProfileOwnViewController.swift in Sources */ = {isa = PBXBuildFile; fileRef = 2659110F2A8A6C3400FB2B96 /* EditProfileOwnViewController.swift */; };
		265911192A8A6C3400FB2B96 /* SetProfileUserViewController.swift in Sources */ = {isa = PBXBuildFile; fileRef = 265911112A8A6C3400FB2B96 /* SetProfileUserViewController.swift */; };
		2659111A2A8A6C3400FB2B96 /* SetProfilePetViewController.swift in Sources */ = {isa = PBXBuildFile; fileRef = 265911122A8A6C3400FB2B96 /* SetProfilePetViewController.swift */; };
		2659111B2A8A6C3400FB2B96 /* ProfileTableViewCell.swift in Sources */ = {isa = PBXBuildFile; fileRef = 265911142A8A6C3400FB2B96 /* ProfileTableViewCell.swift */; };
		2659111C2A8A6C3400FB2B96 /* ProfileTableViewCell.xib in Resources */ = {isa = PBXBuildFile; fileRef = 265911152A8A6C3400FB2B96 /* ProfileTableViewCell.xib */; };
		2659111D2A8A6C3400FB2B96 /* ProfileViewController.swift in Sources */ = {isa = PBXBuildFile; fileRef = 265911162A8A6C3400FB2B96 /* ProfileViewController.swift */; };
		265911272A8A6C3B00FB2B96 /* TestCollectionViewCell.swift in Sources */ = {isa = PBXBuildFile; fileRef = 265911222A8A6C3B00FB2B96 /* TestCollectionViewCell.swift */; };
		265911282A8A6C3B00FB2B96 /* TestCollectionViewCell.xib in Resources */ = {isa = PBXBuildFile; fileRef = 265911232A8A6C3B00FB2B96 /* TestCollectionViewCell.xib */; };
		265911292A8A6C3B00FB2B96 /* UserViewController.swift in Sources */ = {isa = PBXBuildFile; fileRef = 265911242A8A6C3B00FB2B96 /* UserViewController.swift */; };
		2659112E2A8A6C4100FB2B96 /* CustomStyleTabBarContentView.swift in Sources */ = {isa = PBXBuildFile; fileRef = 2659112B2A8A6C4100FB2B96 /* CustomStyleTabBarContentView.swift */; };
		265911302A8A6C4100FB2B96 /* MainTabbarViewController.swift in Sources */ = {isa = PBXBuildFile; fileRef = 2659112D2A8A6C4100FB2B96 /* MainTabbarViewController.swift */; };
		265911332A8A6C4800FB2B96 /* MessageViewController.swift in Sources */ = {isa = PBXBuildFile; fileRef = 265911322A8A6C4800FB2B96 /* MessageViewController.swift */; };
		265911352A8A6D0E00FB2B96 /* Assets.xcassets in Resources */ = {isa = PBXBuildFile; fileRef = 265911342A8A6D0E00FB2B96 /* Assets.xcassets */; };
		265911422A8DB68200FB2B96 /* TopTableViewCell.swift in Sources */ = {isa = PBXBuildFile; fileRef = 265911402A8DB68200FB2B96 /* TopTableViewCell.swift */; };
		265911432A8DB68200FB2B96 /* TopTableViewCell.xib in Resources */ = {isa = PBXBuildFile; fileRef = 265911412A8DB68200FB2B96 /* TopTableViewCell.xib */; };
		265911462A8DB69000FB2B96 /* BotTableViewCell.swift in Sources */ = {isa = PBXBuildFile; fileRef = 265911442A8DB69000FB2B96 /* BotTableViewCell.swift */; };
		265911472A8DB69000FB2B96 /* BotTableViewCell.xib in Resources */ = {isa = PBXBuildFile; fileRef = 265911452A8DB69000FB2B96 /* BotTableViewCell.xib */; };
		2659114A2A8DE59700FB2B96 /* TopCollectionViewCell.swift in Sources */ = {isa = PBXBuildFile; fileRef = 265911482A8DE59600FB2B96 /* TopCollectionViewCell.swift */; };
		2659114B2A8DE59700FB2B96 /* TopCollectionViewCell.xib in Resources */ = {isa = PBXBuildFile; fileRef = 265911492A8DE59600FB2B96 /* TopCollectionViewCell.xib */; };
		2659114E2A8E102200FB2B96 /* ChatViewController.swift in Sources */ = {isa = PBXBuildFile; fileRef = 2659114D2A8E102200FB2B96 /* ChatViewController.swift */; };
/* End PBXBuildFile section */

/* Begin PBXFileReference section */
		265910E02A8A6A2E00FB2B96 /* PetDating.app */ = {isa = PBXFileReference; explicitFileType = wrapper.application; includeInIndex = 0; path = PetDating.app; sourceTree = BUILT_PRODUCTS_DIR; };
		265910E32A8A6A2E00FB2B96 /* AppDelegate.swift */ = {isa = PBXFileReference; lastKnownFileType = sourcecode.swift; path = AppDelegate.swift; sourceTree = "<group>"; };
		265910E52A8A6A2E00FB2B96 /* SceneDelegate.swift */ = {isa = PBXFileReference; lastKnownFileType = sourcecode.swift; path = SceneDelegate.swift; sourceTree = "<group>"; };
		265910EF2A8A6A3000FB2B96 /* Base */ = {isa = PBXFileReference; lastKnownFileType = file.storyboard; name = Base; path = Base.lproj/LaunchScreen.storyboard; sourceTree = "<group>"; };
		265910F12A8A6A3000FB2B96 /* Info.plist */ = {isa = PBXFileReference; lastKnownFileType = text.plist.xml; path = Info.plist; sourceTree = "<group>"; };
		265910F72A8A6A9A00FB2B96 /* GoogleService-Info.plist */ = {isa = PBXFileReference; fileEncoding = 4; lastKnownFileType = text.plist.xml; path = "GoogleService-Info.plist"; sourceTree = "<group>"; };
		265910F92A8A6BB500FB2B96 /* Main.storyboard */ = {isa = PBXFileReference; fileEncoding = 4; lastKnownFileType = file.storyboard; path = Main.storyboard; sourceTree = "<group>"; };
		265910FF2A8A6C0E00FB2B96 /* TutorialViewController.swift */ = {isa = PBXFileReference; fileEncoding = 4; lastKnownFileType = sourcecode.swift; path = TutorialViewController.swift; sourceTree = "<group>"; };
		265911012A8A6C0E00FB2B96 /* ItemCollectionViewCell.swift */ = {isa = PBXFileReference; fileEncoding = 4; lastKnownFileType = sourcecode.swift; path = ItemCollectionViewCell.swift; sourceTree = "<group>"; };
		265911022A8A6C0E00FB2B96 /* ItemCollectionViewCell.xib */ = {isa = PBXFileReference; fileEncoding = 4; lastKnownFileType = file.xib; path = ItemCollectionViewCell.xib; sourceTree = "<group>"; };
		265911072A8A6C1B00FB2B96 /* LoginViewController.swift */ = {isa = PBXFileReference; fileEncoding = 4; lastKnownFileType = sourcecode.swift; path = LoginViewController.swift; sourceTree = "<group>"; };
		2659110A2A8A6C2200FB2B96 /* RegisterViewController.swift */ = {isa = PBXFileReference; fileEncoding = 4; lastKnownFileType = sourcecode.swift; path = RegisterViewController.swift; sourceTree = "<group>"; };
		2659110E2A8A6C3400FB2B96 /* EditProfilePetViewController.swift */ = {isa = PBXFileReference; fileEncoding = 4; lastKnownFileType = sourcecode.swift; path = EditProfilePetViewController.swift; sourceTree = "<group>"; };
		2659110F2A8A6C3400FB2B96 /* EditProfileOwnViewController.swift */ = {isa = PBXFileReference; fileEncoding = 4; lastKnownFileType = sourcecode.swift; path = EditProfileOwnViewController.swift; sourceTree = "<group>"; };
		265911112A8A6C3400FB2B96 /* SetProfileUserViewController.swift */ = {isa = PBXFileReference; fileEncoding = 4; lastKnownFileType = sourcecode.swift; path = SetProfileUserViewController.swift; sourceTree = "<group>"; };
		265911122A8A6C3400FB2B96 /* SetProfilePetViewController.swift */ = {isa = PBXFileReference; fileEncoding = 4; lastKnownFileType = sourcecode.swift; path = SetProfilePetViewController.swift; sourceTree = "<group>"; };
		265911142A8A6C3400FB2B96 /* ProfileTableViewCell.swift */ = {isa = PBXFileReference; fileEncoding = 4; lastKnownFileType = sourcecode.swift; path = ProfileTableViewCell.swift; sourceTree = "<group>"; };
		265911152A8A6C3400FB2B96 /* ProfileTableViewCell.xib */ = {isa = PBXFileReference; fileEncoding = 4; lastKnownFileType = file.xib; path = ProfileTableViewCell.xib; sourceTree = "<group>"; };
		265911162A8A6C3400FB2B96 /* ProfileViewController.swift */ = {isa = PBXFileReference; fileEncoding = 4; lastKnownFileType = sourcecode.swift; path = ProfileViewController.swift; sourceTree = "<group>"; };
		265911222A8A6C3B00FB2B96 /* TestCollectionViewCell.swift */ = {isa = PBXFileReference; fileEncoding = 4; lastKnownFileType = sourcecode.swift; path = TestCollectionViewCell.swift; sourceTree = "<group>"; };
		265911232A8A6C3B00FB2B96 /* TestCollectionViewCell.xib */ = {isa = PBXFileReference; fileEncoding = 4; lastKnownFileType = file.xib; path = TestCollectionViewCell.xib; sourceTree = "<group>"; };
		265911242A8A6C3B00FB2B96 /* UserViewController.swift */ = {isa = PBXFileReference; fileEncoding = 4; lastKnownFileType = sourcecode.swift; path = UserViewController.swift; sourceTree = "<group>"; };
		2659112B2A8A6C4100FB2B96 /* CustomStyleTabBarContentView.swift */ = {isa = PBXFileReference; fileEncoding = 4; lastKnownFileType = sourcecode.swift; path = CustomStyleTabBarContentView.swift; sourceTree = "<group>"; };
		2659112D2A8A6C4100FB2B96 /* MainTabbarViewController.swift */ = {isa = PBXFileReference; fileEncoding = 4; lastKnownFileType = sourcecode.swift; path = MainTabbarViewController.swift; sourceTree = "<group>"; };
		265911322A8A6C4800FB2B96 /* MessageViewController.swift */ = {isa = PBXFileReference; fileEncoding = 4; lastKnownFileType = sourcecode.swift; path = MessageViewController.swift; sourceTree = "<group>"; };
		265911342A8A6D0E00FB2B96 /* Assets.xcassets */ = {isa = PBXFileReference; lastKnownFileType = folder.assetcatalog; path = Assets.xcassets; sourceTree = "<group>"; };
		265911402A8DB68200FB2B96 /* TopTableViewCell.swift */ = {isa = PBXFileReference; lastKnownFileType = sourcecode.swift; path = TopTableViewCell.swift; sourceTree = "<group>"; };
		265911412A8DB68200FB2B96 /* TopTableViewCell.xib */ = {isa = PBXFileReference; lastKnownFileType = file.xib; path = TopTableViewCell.xib; sourceTree = "<group>"; };
		265911442A8DB69000FB2B96 /* BotTableViewCell.swift */ = {isa = PBXFileReference; lastKnownFileType = sourcecode.swift; path = BotTableViewCell.swift; sourceTree = "<group>"; };
		265911452A8DB69000FB2B96 /* BotTableViewCell.xib */ = {isa = PBXFileReference; lastKnownFileType = file.xib; path = BotTableViewCell.xib; sourceTree = "<group>"; };
		265911482A8DE59600FB2B96 /* TopCollectionViewCell.swift */ = {isa = PBXFileReference; lastKnownFileType = sourcecode.swift; path = TopCollectionViewCell.swift; sourceTree = "<group>"; };
		265911492A8DE59600FB2B96 /* TopCollectionViewCell.xib */ = {isa = PBXFileReference; lastKnownFileType = file.xib; path = TopCollectionViewCell.xib; sourceTree = "<group>"; };
		2659114D2A8E102200FB2B96 /* ChatViewController.swift */ = {isa = PBXFileReference; lastKnownFileType = sourcecode.swift; path = ChatViewController.swift; sourceTree = "<group>"; };
		4F80619600AD870007EB3A8E /* Pods_PetDating.framework */ = {isa = PBXFileReference; explicitFileType = wrapper.framework; includeInIndex = 0; path = Pods_PetDating.framework; sourceTree = BUILT_PRODUCTS_DIR; };
		5D65DCA2510100CA89AFCC3C /* Pods-PetDating.release.xcconfig */ = {isa = PBXFileReference; includeInIndex = 1; lastKnownFileType = text.xcconfig; name = "Pods-PetDating.release.xcconfig"; path = "Target Support Files/Pods-PetDating/Pods-PetDating.release.xcconfig"; sourceTree = "<group>"; };
		A35A252690C54FF6B4CE0EC0 /* Pods-PetDating.debug.xcconfig */ = {isa = PBXFileReference; includeInIndex = 1; lastKnownFileType = text.xcconfig; name = "Pods-PetDating.debug.xcconfig"; path = "Target Support Files/Pods-PetDating/Pods-PetDating.debug.xcconfig"; sourceTree = "<group>"; };
/* End PBXFileReference section */

/* Begin PBXFrameworksBuildPhase section */
		265910DD2A8A6A2E00FB2B96 /* Frameworks */ = {
			isa = PBXFrameworksBuildPhase;
			buildActionMask = 2147483647;
			files = (
				21117AFA8509F537E2C32487 /* Pods_PetDating.framework in Frameworks */,
			);
			runOnlyForDeploymentPostprocessing = 0;
		};
/* End PBXFrameworksBuildPhase section */

/* Begin PBXGroup section */
		265910D72A8A6A2E00FB2B96 = {
			isa = PBXGroup;
			children = (
				265910E22A8A6A2E00FB2B96 /* PetDating */,
				265910E12A8A6A2E00FB2B96 /* Products */,
				DE10E8DEE9EBB090D16056A2 /* Pods */,
				A17FF689CDF91A768E82970F /* Frameworks */,
			);
			sourceTree = "<group>";
		};
		265910E12A8A6A2E00FB2B96 /* Products */ = {
			isa = PBXGroup;
			children = (
				265910E02A8A6A2E00FB2B96 /* PetDating.app */,
			);
			name = Products;
			sourceTree = "<group>";
		};
		265910E22A8A6A2E00FB2B96 /* PetDating */ = {
			isa = PBXGroup;
			children = (
				265911312A8A6C4800FB2B96 /* Message */,
				2659112A2A8A6C4100FB2B96 /* Maintabbar */,
				2659111E2A8A6C3B00FB2B96 /* User */,
				2659110C2A8A6C3400FB2B96 /* Profile */,
				265911092A8A6C2200FB2B96 /* Register */,
				265911062A8A6C1B00FB2B96 /* Login */,
				265910FE2A8A6C0E00FB2B96 /* Tutorial */,
				265910E32A8A6A2E00FB2B96 /* AppDelegate.swift */,
				265910E52A8A6A2E00FB2B96 /* SceneDelegate.swift */,
				265911342A8A6D0E00FB2B96 /* Assets.xcassets */,
				265910F92A8A6BB500FB2B96 /* Main.storyboard */,
				265910EE2A8A6A3000FB2B96 /* LaunchScreen.storyboard */,
				265910F12A8A6A3000FB2B96 /* Info.plist */,
				265910F72A8A6A9A00FB2B96 /* GoogleService-Info.plist */,
			);
			path = PetDating;
			sourceTree = "<group>";
		};
		265910FE2A8A6C0E00FB2B96 /* Tutorial */ = {
			isa = PBXGroup;
			children = (
				265910FF2A8A6C0E00FB2B96 /* TutorialViewController.swift */,
				265911002A8A6C0E00FB2B96 /* Cell */,
			);
			path = Tutorial;
			sourceTree = "<group>";
		};
		265911002A8A6C0E00FB2B96 /* Cell */ = {
			isa = PBXGroup;
			children = (
				265911012A8A6C0E00FB2B96 /* ItemCollectionViewCell.swift */,
				265911022A8A6C0E00FB2B96 /* ItemCollectionViewCell.xib */,
			);
			path = Cell;
			sourceTree = "<group>";
		};
		265911062A8A6C1B00FB2B96 /* Login */ = {
			isa = PBXGroup;
			children = (
				265911072A8A6C1B00FB2B96 /* LoginViewController.swift */,
			);
			path = Login;
			sourceTree = "<group>";
		};
		265911092A8A6C2200FB2B96 /* Register */ = {
			isa = PBXGroup;
			children = (
				2659110A2A8A6C2200FB2B96 /* RegisterViewController.swift */,
			);
			path = Register;
			sourceTree = "<group>";
		};
		2659110C2A8A6C3400FB2B96 /* Profile */ = {
			isa = PBXGroup;
			children = (
				2659110D2A8A6C3400FB2B96 /* EditProfile */,
				265911102A8A6C3400FB2B96 /* SetProfile */,
				265911132A8A6C3400FB2B96 /* Cell */,
				265911162A8A6C3400FB2B96 /* ProfileViewController.swift */,
			);
			path = Profile;
			sourceTree = "<group>";
		};
		2659110D2A8A6C3400FB2B96 /* EditProfile */ = {
			isa = PBXGroup;
			children = (
				2659110E2A8A6C3400FB2B96 /* EditProfilePetViewController.swift */,
				2659110F2A8A6C3400FB2B96 /* EditProfileOwnViewController.swift */,
			);
			path = EditProfile;
			sourceTree = "<group>";
		};
		265911102A8A6C3400FB2B96 /* SetProfile */ = {
			isa = PBXGroup;
			children = (
				265911112A8A6C3400FB2B96 /* SetProfileUserViewController.swift */,
				265911122A8A6C3400FB2B96 /* SetProfilePetViewController.swift */,
			);
			path = SetProfile;
			sourceTree = "<group>";
		};
		265911132A8A6C3400FB2B96 /* Cell */ = {
			isa = PBXGroup;
			children = (
				265911142A8A6C3400FB2B96 /* ProfileTableViewCell.swift */,
				265911152A8A6C3400FB2B96 /* ProfileTableViewCell.xib */,
			);
			path = Cell;
			sourceTree = "<group>";
		};
		2659111E2A8A6C3B00FB2B96 /* User */ = {
			isa = PBXGroup;
			children = (
				2659111F2A8A6C3B00FB2B96 /* Cell */,
				265911242A8A6C3B00FB2B96 /* UserViewController.swift */,
			);
			path = User;
			sourceTree = "<group>";
		};
		2659111F2A8A6C3B00FB2B96 /* Cell */ = {
			isa = PBXGroup;
			children = (
				265911222A8A6C3B00FB2B96 /* TestCollectionViewCell.swift */,
				265911232A8A6C3B00FB2B96 /* TestCollectionViewCell.xib */,
			);
			path = Cell;
			sourceTree = "<group>";
		};
		2659112A2A8A6C4100FB2B96 /* Maintabbar */ = {
			isa = PBXGroup;
			children = (
				2659112B2A8A6C4100FB2B96 /* CustomStyleTabBarContentView.swift */,
				2659112D2A8A6C4100FB2B96 /* MainTabbarViewController.swift */,
			);
			path = Maintabbar;
			sourceTree = "<group>";
		};
		265911312A8A6C4800FB2B96 /* Message */ = {
			isa = PBXGroup;
			children = (
				2659113F2A8CF85700FB2B96 /* CellBot */,
				2659113E2A8CF84600FB2B96 /* CellTop */,
				265911322A8A6C4800FB2B96 /* MessageViewController.swift */,
				2659114D2A8E102200FB2B96 /* ChatViewController.swift */,
			);
			path = Message;
			sourceTree = "<group>";
		};
		2659113E2A8CF84600FB2B96 /* CellTop */ = {
			isa = PBXGroup;
			children = (
				2659114C2A8DE9C300FB2B96 /* CollectionView */,
				265911402A8DB68200FB2B96 /* TopTableViewCell.swift */,
				265911412A8DB68200FB2B96 /* TopTableViewCell.xib */,
			);
			path = CellTop;
			sourceTree = "<group>";
		};
		2659113F2A8CF85700FB2B96 /* CellBot */ = {
			isa = PBXGroup;
			children = (
				265911442A8DB69000FB2B96 /* BotTableViewCell.swift */,
				265911452A8DB69000FB2B96 /* BotTableViewCell.xib */,
			);
			path = CellBot;
			sourceTree = "<group>";
		};
		2659114C2A8DE9C300FB2B96 /* CollectionView */ = {
			isa = PBXGroup;
			children = (
				265911492A8DE59600FB2B96 /* TopCollectionViewCell.xib */,
				265911482A8DE59600FB2B96 /* TopCollectionViewCell.swift */,
			);
			path = CollectionView;
			sourceTree = "<group>";
		};
		A17FF689CDF91A768E82970F /* Frameworks */ = {
			isa = PBXGroup;
			children = (
				4F80619600AD870007EB3A8E /* Pods_PetDating.framework */,
			);
			name = Frameworks;
			sourceTree = "<group>";
		};
		DE10E8DEE9EBB090D16056A2 /* Pods */ = {
			isa = PBXGroup;
			children = (
				A35A252690C54FF6B4CE0EC0 /* Pods-PetDating.debug.xcconfig */,
				5D65DCA2510100CA89AFCC3C /* Pods-PetDating.release.xcconfig */,
			);
			path = Pods;
			sourceTree = "<group>";
		};
/* End PBXGroup section */

/* Begin PBXNativeTarget section */
		265910DF2A8A6A2E00FB2B96 /* PetDating */ = {
			isa = PBXNativeTarget;
			buildConfigurationList = 265910F42A8A6A3000FB2B96 /* Build configuration list for PBXNativeTarget "PetDating" */;
			buildPhases = (
				D9FA7F1150B81F4FDBD70A96 /* [CP] Check Pods Manifest.lock */,
				265910DC2A8A6A2E00FB2B96 /* Sources */,
				265910DD2A8A6A2E00FB2B96 /* Frameworks */,
				265910DE2A8A6A2E00FB2B96 /* Resources */,
				4CA6BD07A8D151B035575624 /* [CP] Embed Pods Frameworks */,
			);
			buildRules = (
			);
			dependencies = (
			);
			name = PetDating;
			productName = PetDating;
			productReference = 265910E02A8A6A2E00FB2B96 /* PetDating.app */;
			productType = "com.apple.product-type.application";
		};
/* End PBXNativeTarget section */

/* Begin PBXProject section */
		265910D82A8A6A2E00FB2B96 /* Project object */ = {
			isa = PBXProject;
			attributes = {
				BuildIndependentTargetsInParallel = 1;
				LastSwiftUpdateCheck = 1430;
				LastUpgradeCheck = 1430;
				TargetAttributes = {
					265910DF2A8A6A2E00FB2B96 = {
						CreatedOnToolsVersion = 14.3;
					};
				};
			};
			buildConfigurationList = 265910DB2A8A6A2E00FB2B96 /* Build configuration list for PBXProject "PetDating" */;
			compatibilityVersion = "Xcode 14.0";
			developmentRegion = en;
			hasScannedForEncodings = 0;
			knownRegions = (
				en,
				Base,
			);
			mainGroup = 265910D72A8A6A2E00FB2B96;
			productRefGroup = 265910E12A8A6A2E00FB2B96 /* Products */;
			projectDirPath = "";
			projectRoot = "";
			targets = (
				265910DF2A8A6A2E00FB2B96 /* PetDating */,
			);
		};
/* End PBXProject section */

/* Begin PBXResourcesBuildPhase section */
		265910DE2A8A6A2E00FB2B96 /* Resources */ = {
			isa = PBXResourcesBuildPhase;
			buildActionMask = 2147483647;
			files = (
				265910F82A8A6A9A00FB2B96 /* GoogleService-Info.plist in Resources */,
				265910F02A8A6A3000FB2B96 /* LaunchScreen.storyboard in Resources */,
				265911432A8DB68200FB2B96 /* TopTableViewCell.xib in Resources */,
				265911282A8A6C3B00FB2B96 /* TestCollectionViewCell.xib in Resources */,
				265911472A8DB69000FB2B96 /* BotTableViewCell.xib in Resources */,
				2659114B2A8DE59700FB2B96 /* TopCollectionViewCell.xib in Resources */,
				265911052A8A6C0E00FB2B96 /* ItemCollectionViewCell.xib in Resources */,
				265910FA2A8A6BB600FB2B96 /* Main.storyboard in Resources */,
				265911352A8A6D0E00FB2B96 /* Assets.xcassets in Resources */,
				2659111C2A8A6C3400FB2B96 /* ProfileTableViewCell.xib in Resources */,
			);
			runOnlyForDeploymentPostprocessing = 0;
		};
/* End PBXResourcesBuildPhase section */

/* Begin PBXShellScriptBuildPhase section */
		4CA6BD07A8D151B035575624 /* [CP] Embed Pods Frameworks */ = {
			isa = PBXShellScriptBuildPhase;
			buildActionMask = 2147483647;
			files = (
			);
			inputFileListPaths = (
				"${PODS_ROOT}/Target Support Files/Pods-PetDating/Pods-PetDating-frameworks-${CONFIGURATION}-input-files.xcfilelist",
			);
			name = "[CP] Embed Pods Frameworks";
			outputFileListPaths = (
				"${PODS_ROOT}/Target Support Files/Pods-PetDating/Pods-PetDating-frameworks-${CONFIGURATION}-output-files.xcfilelist",
			);
			runOnlyForDeploymentPostprocessing = 0;
			shellPath = /bin/sh;
			shellScript = "\"${PODS_ROOT}/Target Support Files/Pods-PetDating/Pods-PetDating-frameworks.sh\"\n";
			showEnvVarsInLog = 0;
		};
		D9FA7F1150B81F4FDBD70A96 /* [CP] Check Pods Manifest.lock */ = {
			isa = PBXShellScriptBuildPhase;
			buildActionMask = 2147483647;
			files = (
			);
			inputFileListPaths = (
			);
			inputPaths = (
				"${PODS_PODFILE_DIR_PATH}/Podfile.lock",
				"${PODS_ROOT}/Manifest.lock",
			);
			name = "[CP] Check Pods Manifest.lock";
			outputFileListPaths = (
			);
			outputPaths = (
				"$(DERIVED_FILE_DIR)/Pods-PetDating-checkManifestLockResult.txt",
			);
			runOnlyForDeploymentPostprocessing = 0;
			shellPath = /bin/sh;
			shellScript = "diff \"${PODS_PODFILE_DIR_PATH}/Podfile.lock\" \"${PODS_ROOT}/Manifest.lock\" > /dev/null\nif [ $? != 0 ] ; then\n    # print error to STDERR\n    echo \"error: The sandbox is not in sync with the Podfile.lock. Run 'pod install' or update your CocoaPods installation.\" >&2\n    exit 1\nfi\n# This output is used by Xcode 'outputs' to avoid re-running this script phase.\necho \"SUCCESS\" > \"${SCRIPT_OUTPUT_FILE_0}\"\n";
			showEnvVarsInLog = 0;
		};
/* End PBXShellScriptBuildPhase section */

/* Begin PBXSourcesBuildPhase section */
		265910DC2A8A6A2E00FB2B96 /* Sources */ = {
			isa = PBXSourcesBuildPhase;
			buildActionMask = 2147483647;
			files = (
				265911082A8A6C1B00FB2B96 /* LoginViewController.swift in Sources */,
				265910E42A8A6A2E00FB2B96 /* AppDelegate.swift in Sources */,
				2659110B2A8A6C2200FB2B96 /* RegisterViewController.swift in Sources */,
				2659111D2A8A6C3400FB2B96 /* ProfileViewController.swift in Sources */,
				265911462A8DB69000FB2B96 /* BotTableViewCell.swift in Sources */,
				2659112E2A8A6C4100FB2B96 /* CustomStyleTabBarContentView.swift in Sources */,
				265911422A8DB68200FB2B96 /* TopTableViewCell.swift in Sources */,
				265911292A8A6C3B00FB2B96 /* UserViewController.swift in Sources */,
				265911032A8A6C0E00FB2B96 /* TutorialViewController.swift in Sources */,
				265911042A8A6C0E00FB2B96 /* ItemCollectionViewCell.swift in Sources */,
				265911302A8A6C4100FB2B96 /* MainTabbarViewController.swift in Sources */,
				265910E62A8A6A2E00FB2B96 /* SceneDelegate.swift in Sources */,
				2659111A2A8A6C3400FB2B96 /* SetProfilePetViewController.swift in Sources */,
				265911332A8A6C4800FB2B96 /* MessageViewController.swift in Sources */,
				265911182A8A6C3400FB2B96 /* EditProfileOwnViewController.swift in Sources */,
				2659114E2A8E102200FB2B96 /* ChatViewController.swift in Sources */,
				2659111B2A8A6C3400FB2B96 /* ProfileTableViewCell.swift in Sources */,
				265911172A8A6C3400FB2B96 /* EditProfilePetViewController.swift in Sources */,
				265911192A8A6C3400FB2B96 /* SetProfileUserViewController.swift in Sources */,
				2659114A2A8DE59700FB2B96 /* TopCollectionViewCell.swift in Sources */,
				265911272A8A6C3B00FB2B96 /* TestCollectionViewCell.swift in Sources */,
			);
			runOnlyForDeploymentPostprocessing = 0;
		};
/* End PBXSourcesBuildPhase section */

/* Begin PBXVariantGroup section */
		265910EE2A8A6A3000FB2B96 /* LaunchScreen.storyboard */ = {
			isa = PBXVariantGroup;
			children = (
				265910EF2A8A6A3000FB2B96 /* Base */,
			);
			name = LaunchScreen.storyboard;
			sourceTree = "<group>";
		};
/* End PBXVariantGroup section */

/* Begin XCBuildConfiguration section */
		265910F22A8A6A3000FB2B96 /* Debug */ = {
			isa = XCBuildConfiguration;
			buildSettings = {
				ALWAYS_SEARCH_USER_PATHS = NO;
				CLANG_ANALYZER_NONNULL = YES;
				CLANG_ANALYZER_NUMBER_OBJECT_CONVERSION = YES_AGGRESSIVE;
				CLANG_CXX_LANGUAGE_STANDARD = "gnu++20";
				CLANG_ENABLE_MODULES = YES;
				CLANG_ENABLE_OBJC_ARC = YES;
				CLANG_ENABLE_OBJC_WEAK = YES;
				CLANG_WARN_BLOCK_CAPTURE_AUTORELEASING = YES;
				CLANG_WARN_BOOL_CONVERSION = YES;
				CLANG_WARN_COMMA = YES;
				CLANG_WARN_CONSTANT_CONVERSION = YES;
				CLANG_WARN_DEPRECATED_OBJC_IMPLEMENTATIONS = YES;
				CLANG_WARN_DIRECT_OBJC_ISA_USAGE = YES_ERROR;
				CLANG_WARN_DOCUMENTATION_COMMENTS = YES;
				CLANG_WARN_EMPTY_BODY = YES;
				CLANG_WARN_ENUM_CONVERSION = YES;
				CLANG_WARN_INFINITE_RECURSION = YES;
				CLANG_WARN_INT_CONVERSION = YES;
				CLANG_WARN_NON_LITERAL_NULL_CONVERSION = YES;
				CLANG_WARN_OBJC_IMPLICIT_RETAIN_SELF = YES;
				CLANG_WARN_OBJC_LITERAL_CONVERSION = YES;
				CLANG_WARN_OBJC_ROOT_CLASS = YES_ERROR;
				CLANG_WARN_QUOTED_INCLUDE_IN_FRAMEWORK_HEADER = YES;
				CLANG_WARN_RANGE_LOOP_ANALYSIS = YES;
				CLANG_WARN_STRICT_PROTOTYPES = YES;
				CLANG_WARN_SUSPICIOUS_MOVE = YES;
				CLANG_WARN_UNGUARDED_AVAILABILITY = YES_AGGRESSIVE;
				CLANG_WARN_UNREACHABLE_CODE = YES;
				CLANG_WARN__DUPLICATE_METHOD_MATCH = YES;
				COPY_PHASE_STRIP = NO;
				DEBUG_INFORMATION_FORMAT = dwarf;
				ENABLE_STRICT_OBJC_MSGSEND = YES;
				ENABLE_TESTABILITY = YES;
				GCC_C_LANGUAGE_STANDARD = gnu11;
				GCC_DYNAMIC_NO_PIC = NO;
				GCC_NO_COMMON_BLOCKS = YES;
				GCC_OPTIMIZATION_LEVEL = 0;
				GCC_PREPROCESSOR_DEFINITIONS = (
					"DEBUG=1",
					"$(inherited)",
				);
				GCC_WARN_64_TO_32_BIT_CONVERSION = YES;
				GCC_WARN_ABOUT_RETURN_TYPE = YES_ERROR;
				GCC_WARN_UNDECLARED_SELECTOR = YES;
				GCC_WARN_UNINITIALIZED_AUTOS = YES_AGGRESSIVE;
				GCC_WARN_UNUSED_FUNCTION = YES;
				GCC_WARN_UNUSED_VARIABLE = YES;
				IPHONEOS_DEPLOYMENT_TARGET = 16.4;
				MTL_ENABLE_DEBUG_INFO = INCLUDE_SOURCE;
				MTL_FAST_MATH = YES;
				ONLY_ACTIVE_ARCH = YES;
				SDKROOT = iphoneos;
				SWIFT_ACTIVE_COMPILATION_CONDITIONS = DEBUG;
				SWIFT_OPTIMIZATION_LEVEL = "-Onone";
			};
			name = Debug;
		};
		265910F32A8A6A3000FB2B96 /* Release */ = {
			isa = XCBuildConfiguration;
			buildSettings = {
				ALWAYS_SEARCH_USER_PATHS = NO;
				CLANG_ANALYZER_NONNULL = YES;
				CLANG_ANALYZER_NUMBER_OBJECT_CONVERSION = YES_AGGRESSIVE;
				CLANG_CXX_LANGUAGE_STANDARD = "gnu++20";
				CLANG_ENABLE_MODULES = YES;
				CLANG_ENABLE_OBJC_ARC = YES;
				CLANG_ENABLE_OBJC_WEAK = YES;
				CLANG_WARN_BLOCK_CAPTURE_AUTORELEASING = YES;
				CLANG_WARN_BOOL_CONVERSION = YES;
				CLANG_WARN_COMMA = YES;
				CLANG_WARN_CONSTANT_CONVERSION = YES;
				CLANG_WARN_DEPRECATED_OBJC_IMPLEMENTATIONS = YES;
				CLANG_WARN_DIRECT_OBJC_ISA_USAGE = YES_ERROR;
				CLANG_WARN_DOCUMENTATION_COMMENTS = YES;
				CLANG_WARN_EMPTY_BODY = YES;
				CLANG_WARN_ENUM_CONVERSION = YES;
				CLANG_WARN_INFINITE_RECURSION = YES;
				CLANG_WARN_INT_CONVERSION = YES;
				CLANG_WARN_NON_LITERAL_NULL_CONVERSION = YES;
				CLANG_WARN_OBJC_IMPLICIT_RETAIN_SELF = YES;
				CLANG_WARN_OBJC_LITERAL_CONVERSION = YES;
				CLANG_WARN_OBJC_ROOT_CLASS = YES_ERROR;
				CLANG_WARN_QUOTED_INCLUDE_IN_FRAMEWORK_HEADER = YES;
				CLANG_WARN_RANGE_LOOP_ANALYSIS = YES;
				CLANG_WARN_STRICT_PROTOTYPES = YES;
				CLANG_WARN_SUSPICIOUS_MOVE = YES;
				CLANG_WARN_UNGUARDED_AVAILABILITY = YES_AGGRESSIVE;
				CLANG_WARN_UNREACHABLE_CODE = YES;
				CLANG_WARN__DUPLICATE_METHOD_MATCH = YES;
				COPY_PHASE_STRIP = NO;
				DEBUG_INFORMATION_FORMAT = "dwarf-with-dsym";
				ENABLE_NS_ASSERTIONS = NO;
				ENABLE_STRICT_OBJC_MSGSEND = YES;
				GCC_C_LANGUAGE_STANDARD = gnu11;
				GCC_NO_COMMON_BLOCKS = YES;
				GCC_WARN_64_TO_32_BIT_CONVERSION = YES;
				GCC_WARN_ABOUT_RETURN_TYPE = YES_ERROR;
				GCC_WARN_UNDECLARED_SELECTOR = YES;
				GCC_WARN_UNINITIALIZED_AUTOS = YES_AGGRESSIVE;
				GCC_WARN_UNUSED_FUNCTION = YES;
				GCC_WARN_UNUSED_VARIABLE = YES;
				IPHONEOS_DEPLOYMENT_TARGET = 16.4;
				MTL_ENABLE_DEBUG_INFO = NO;
				MTL_FAST_MATH = YES;
				SDKROOT = iphoneos;
				SWIFT_COMPILATION_MODE = wholemodule;
				SWIFT_OPTIMIZATION_LEVEL = "-O";
				VALIDATE_PRODUCT = YES;
			};
			name = Release;
		};
		265910F52A8A6A3000FB2B96 /* Debug */ = {
			isa = XCBuildConfiguration;
			baseConfigurationReference = A35A252690C54FF6B4CE0EC0 /* Pods-PetDating.debug.xcconfig */;
			buildSettings = {
				ASSETCATALOG_COMPILER_APPICON_NAME = AppIcon;
				ASSETCATALOG_COMPILER_GLOBAL_ACCENT_COLOR_NAME = AccentColor;
				CODE_SIGN_STYLE = Automatic;
				CURRENT_PROJECT_VERSION = 1;
				DEVELOPMENT_TEAM = 4MNZ366RKF;
				GENERATE_INFOPLIST_FILE = YES;
				INFOPLIST_FILE = PetDating/Info.plist;
				INFOPLIST_KEY_UIApplicationSupportsIndirectInputEvents = YES;
				INFOPLIST_KEY_UILaunchStoryboardName = LaunchScreen;
				INFOPLIST_KEY_UIMainStoryboardFile = Main;
				INFOPLIST_KEY_UISupportedInterfaceOrientations_iPad = "UIInterfaceOrientationPortrait UIInterfaceOrientationPortraitUpsideDown UIInterfaceOrientationLandscapeLeft UIInterfaceOrientationLandscapeRight";
				INFOPLIST_KEY_UISupportedInterfaceOrientations_iPhone = "UIInterfaceOrientationPortrait UIInterfaceOrientationLandscapeLeft UIInterfaceOrientationLandscapeRight";
				LD_RUNPATH_SEARCH_PATHS = (
					"$(inherited)",
					"@executable_path/Frameworks",
				);
				MARKETING_VERSION = 1.0;
				PRODUCT_BUNDLE_IDENTIFIER = Truongduytan.PetDating;
				PRODUCT_NAME = "$(TARGET_NAME)";
				SWIFT_EMIT_LOC_STRINGS = YES;
				SWIFT_INSTALL_OBJC_HEADER = YES;
				SWIFT_VERSION = 5.0;
				TARGETED_DEVICE_FAMILY = "1,2";
			};
			name = Debug;
		};
		265910F62A8A6A3000FB2B96 /* Release */ = {
			isa = XCBuildConfiguration;
			baseConfigurationReference = 5D65DCA2510100CA89AFCC3C /* Pods-PetDating.release.xcconfig */;
			buildSettings = {
				ASSETCATALOG_COMPILER_APPICON_NAME = AppIcon;
				ASSETCATALOG_COMPILER_GLOBAL_ACCENT_COLOR_NAME = AccentColor;
				CODE_SIGN_STYLE = Automatic;
				CURRENT_PROJECT_VERSION = 1;
				DEVELOPMENT_TEAM = 4MNZ366RKF;
				GENERATE_INFOPLIST_FILE = YES;
				INFOPLIST_FILE = PetDating/Info.plist;
				INFOPLIST_KEY_UIApplicationSupportsIndirectInputEvents = YES;
				INFOPLIST_KEY_UILaunchStoryboardName = LaunchScreen;
				INFOPLIST_KEY_UIMainStoryboardFile = Main;
				INFOPLIST_KEY_UISupportedInterfaceOrientations_iPad = "UIInterfaceOrientationPortrait UIInterfaceOrientationPortraitUpsideDown UIInterfaceOrientationLandscapeLeft UIInterfaceOrientationLandscapeRight";
				INFOPLIST_KEY_UISupportedInterfaceOrientations_iPhone = "UIInterfaceOrientationPortrait UIInterfaceOrientationLandscapeLeft UIInterfaceOrientationLandscapeRight";
				LD_RUNPATH_SEARCH_PATHS = (
					"$(inherited)",
					"@executable_path/Frameworks",
				);
				MARKETING_VERSION = 1.0;
				PRODUCT_BUNDLE_IDENTIFIER = Truongduytan.PetDating;
				PRODUCT_NAME = "$(TARGET_NAME)";
				SWIFT_EMIT_LOC_STRINGS = YES;
				SWIFT_INSTALL_OBJC_HEADER = YES;
				SWIFT_VERSION = 5.0;
				TARGETED_DEVICE_FAMILY = "1,2";
			};
			name = Release;
		};
/* End XCBuildConfiguration section */

/* Begin XCConfigurationList section */
		265910DB2A8A6A2E00FB2B96 /* Build configuration list for PBXProject "PetDating" */ = {
			isa = XCConfigurationList;
			buildConfigurations = (
				265910F22A8A6A3000FB2B96 /* Debug */,
				265910F32A8A6A3000FB2B96 /* Release */,
			);
			defaultConfigurationIsVisible = 0;
			defaultConfigurationName = Release;
		};
		265910F42A8A6A3000FB2B96 /* Build configuration list for PBXNativeTarget "PetDating" */ = {
			isa = XCConfigurationList;
			buildConfigurations = (
				265910F52A8A6A3000FB2B96 /* Debug */,
				265910F62A8A6A3000FB2B96 /* Release */,
			);
			defaultConfigurationIsVisible = 0;
			defaultConfigurationName = Release;
		};
/* End XCConfigurationList section */
	};
	rootObject = 265910D82A8A6A2E00FB2B96 /* Project object */;
}
